<?xml version="1.0" encoding="utf-8"?>
<Project ToolsVersion="4.0" xmlns="http://schemas.microsoft.com/developer/msbuild/2003">
  <ItemGroup>
    <Filter Include="Source Files">
      <UniqueIdentifier>{4FC737F1-C7A5-4376-A066-2A32D752A2FF}</UniqueIdentifier>
      <Extensions>cpp;c;cc;cxx;c++;def;odl;idl;hpj;bat;asm;asmx</Extensions>
    </Filter>
    <Filter Include="Header Files">
      <UniqueIdentifier>{93995380-89BD-4b04-88EB-625FBE52EBFB}</UniqueIdentifier>
      <Extensions>h;hh;hpp;hxx;h++;hm;inl;inc;ipp;xsd</Extensions>
    </Filter>
    <Filter Include="Resource Files">
      <UniqueIdentifier>{67DA6AB6-F800-4c08-8B7A-83BB121AAD01}</UniqueIdentifier>
      <Extensions>rc;ico;cur;bmp;dlg;rc2;rct;bin;rgs;gif;jpg;jpeg;jpe;resx;tiff;tif;png;wav;mfcribbon-ms</Extensions>
    </Filter>
    <Filter Include="Resource Files\bitmaps">
      <UniqueIdentifier>{fa51dd17-552b-4c66-bb02-e2a85715222d}</UniqueIdentifier>
    </Filter>
    <Filter Include="Source Files\Tests">
      <UniqueIdentifier>{678c517b-5432-4883-921d-7c9ee7045e93}</UniqueIdentifier>
    </Filter>
    <Filter Include="Source Files\Physics">
      <UniqueIdentifier>{541949ad-b213-4aa6-9c2f-da33130be167}</UniqueIdentifier>
    </Filter>
    <Filter Include="Source Files\Primitives">
      <UniqueIdentifier>{6bc9947f-0872-4d8e-bc28-9b85e8acffa8}</UniqueIdentifier>
    </Filter>
    <Filter Include="Header Files\Physics">
      <UniqueIdentifier>{879133f4-ce8a-4c13-8360-bc6ceffc07dc}</UniqueIdentifier>
    </Filter>
    <Filter Include="Header Files\Physics\Colliders">
      <UniqueIdentifier>{7a0c9e48-aa30-44c0-847c-ca6c2d361594}</UniqueIdentifier>
    </Filter>
    <Filter Include="Header Files\Basics">
      <UniqueIdentifier>{19d4ffc8-9d1d-483f-a861-163d5c27f6d9}</UniqueIdentifier>
    </Filter>
    <Filter Include="Source Files\Physics\Colliders">
      <UniqueIdentifier>{590217c1-7fb8-4fde-a07e-49599c0ebdd4}</UniqueIdentifier>
    </Filter>
    <Filter Include="Source Files\Scenes">
      <UniqueIdentifier>{6ceb3a89-517a-430a-8515-6c34016bbbca}</UniqueIdentifier>
    </Filter>
    <Filter Include="Source Files\GameObjects">
      <UniqueIdentifier>{765b8e99-50df-4aaf-825d-a62bd32dd1ed}</UniqueIdentifier>
    </Filter>
    <Filter Include="Header Files\Rendering">
      <UniqueIdentifier>{a37d5591-d398-40ff-9a28-d2b5c53421fb}</UniqueIdentifier>
    </Filter>
    <Filter Include="Header Files\Game Objects">
      <UniqueIdentifier>{002a280f-c25c-4795-aeb1-6efa8e1b29f6}</UniqueIdentifier>
    </Filter>
  </ItemGroup>
  <ItemGroup>
    <ClCompile Include="PhysicsContext.cpp">
      <Filter>Source Files\Physics</Filter>
    </ClCompile>
    <ClCompile Include="Vect2.cpp">
      <Filter>Source Files\Primitives</Filter>
    </ClCompile>
    <ClCompile Include="Matrix.cpp">
      <Filter>Source Files\Primitives</Filter>
    </ClCompile>
    <ClCompile Include="BoxCollider.cpp">
      <Filter>Source Files\Physics\Colliders</Filter>
    </ClCompile>
    <ClCompile Include="Collider.cpp">
      <Filter>Source Files\Physics\Colliders</Filter>
    </ClCompile>
    <ClCompile Include="Rigidbody.cpp">
      <Filter>Source Files\Physics</Filter>
    </ClCompile>
    <ClCompile Include="CircleCollider.cpp">
      <Filter>Source Files\Physics\Colliders</Filter>
    </ClCompile>
    <ClCompile Include="CapsuleCollider.cpp">
      <Filter>Source Files\Physics\Colliders</Filter>
    </ClCompile>
    <ClCompile Include="Main.cpp">
      <Filter>Source Files</Filter>
    </ClCompile>
    <ClCompile Include="Scene.cpp">
      <Filter>Source Files</Filter>
    </ClCompile>
    <ClCompile Include="GameObject.cpp">
      <Filter>Source Files</Filter>
    </ClCompile>
  </ItemGroup>
  <ItemGroup>
    <ClInclude Include="GraphicsHeader.h">
      <Filter>Header Files</Filter>
    </ClInclude>
    <ClInclude Include="Collider.h">
      <Filter>Header Files\Physics\Colliders</Filter>
    </ClInclude>
    <ClInclude Include="BoxCollider.h">
      <Filter>Header Files\Physics\Colliders</Filter>
    </ClInclude>
    <ClInclude Include="CapsuleCollider.h">
      <Filter>Header Files\Physics\Colliders</Filter>
    </ClInclude>
    <ClInclude Include="CircleCollider.h">
      <Filter>Header Files\Physics\Colliders</Filter>
    </ClInclude>
    <ClInclude Include="Matrix.h">
      <Filter>Header Files\Basics</Filter>
    </ClInclude>
    <ClInclude Include="Vect2.h">
      <Filter>Header Files\Basics</Filter>
    </ClInclude>
    <ClInclude Include="PhysicsContext.h">
      <Filter>Header Files\Physics</Filter>
    </ClInclude>
    <ClInclude Include="Rigidbody.h">
      <Filter>Header Files\Physics</Filter>
    </ClInclude>
    <ClInclude Include="GameObject.h">
      <Filter>Header Files\Game Objects</Filter>
    </ClInclude>
    <ClInclude Include="Scene.h">
      <Filter>Header Files\Game Objects</Filter>
    </ClInclude>
  </ItemGroup>
</Project>